// !$*UTF8*$!
{
	archiveVersion = 1;
	classes = {
	};
	objectVersion = 56;
	objects = {

/* Begin PBXBuildFile section */
		6016AE8928DCE40700E66076 /* AppDelegate.swift in Sources */ = {isa = PBXBuildFile; fileRef = 6016AE8828DCE40700E66076 /* AppDelegate.swift */; };
		6016AE8B28DCE40700E66076 /* SceneDelegate.swift in Sources */ = {isa = PBXBuildFile; fileRef = 6016AE8A28DCE40700E66076 /* SceneDelegate.swift */; };
		6016AE9028DCE40700E66076 /* Main.storyboard in Resources */ = {isa = PBXBuildFile; fileRef = 6016AE8E28DCE40700E66076 /* Main.storyboard */; };
		6016AE9328DCE40700E66076 /* Books.xcdatamodeld in Sources */ = {isa = PBXBuildFile; fileRef = 6016AE9128DCE40700E66076 /* Books.xcdatamodeld */; };
		6016AE9528DCE40900E66076 /* Assets.xcassets in Resources */ = {isa = PBXBuildFile; fileRef = 6016AE9428DCE40900E66076 /* Assets.xcassets */; };
		6016AE9828DCE40900E66076 /* LaunchScreen.storyboard in Resources */ = {isa = PBXBuildFile; fileRef = 6016AE9628DCE40900E66076 /* LaunchScreen.storyboard */; };
		6016AEA028DCE57B00E66076 /* MainTabbar.swift in Sources */ = {isa = PBXBuildFile; fileRef = 6016AE9F28DCE57B00E66076 /* MainTabbar.swift */; };
		6016AEA228DCE60F00E66076 /* HomeVC.swift in Sources */ = {isa = PBXBuildFile; fileRef = 6016AEA128DCE60F00E66076 /* HomeVC.swift */; };
		6016AEA428DCE63900E66076 /* SearchVC.swift in Sources */ = {isa = PBXBuildFile; fileRef = 6016AEA328DCE63900E66076 /* SearchVC.swift */; };
		6016AEA628DCE64400E66076 /* FavoritesVC.swift in Sources */ = {isa = PBXBuildFile; fileRef = 6016AEA528DCE64400E66076 /* FavoritesVC.swift */; };
		6016AEAA28DD03B500E66076 /* Globals.swift in Sources */ = {isa = PBXBuildFile; fileRef = 6016AEA928DD03B500E66076 /* Globals.swift */; };
		6016AEAD28DD0C8800E66076 /* DatabaseHandler.swift in Sources */ = {isa = PBXBuildFile; fileRef = 6016AEAC28DD0C8800E66076 /* DatabaseHandler.swift */; };
		60275FCD28DF1F11003FF95C /* SearchBookCell.swift in Sources */ = {isa = PBXBuildFile; fileRef = 60275FCC28DF1F11003FF95C /* SearchBookCell.swift */; };
		6090D4BA28E1B85300DEE4BA /* DetailVC.swift in Sources */ = {isa = PBXBuildFile; fileRef = 6090D4B928E1B85300DEE4BA /* DetailVC.swift */; };
		60988FCC28DF3FBC00E0B4F4 /* FavBooksCell.swift in Sources */ = {isa = PBXBuildFile; fileRef = 60988FCB28DF3FBC00E0B4F4 /* FavBooksCell.swift */; };
		60988FCE28E0D9A200E0B4F4 /* Extension+UIImageView.swift in Sources */ = {isa = PBXBuildFile; fileRef = 60988FCD28E0D9A200E0B4F4 /* Extension+UIImageView.swift */; };
		60988FD028E0E3C800E0B4F4 /* CoreDataHandler.swift in Sources */ = {isa = PBXBuildFile; fileRef = 60988FCF28E0E3C800E0B4F4 /* CoreDataHandler.swift */; };
		60988FD228E0F2BF00E0B4F4 /* Extension+String.swift in Sources */ = {isa = PBXBuildFile; fileRef = 60988FD128E0F2BF00E0B4F4 /* Extension+String.swift */; };
		60A2D9F728DF0DD9008A9483 /* AllBooksCell.swift in Sources */ = {isa = PBXBuildFile; fileRef = 60A2D9F628DF0DD9008A9483 /* AllBooksCell.swift */; };
		60A2D9F928DF0F71008A9483 /* Book.swift in Sources */ = {isa = PBXBuildFile; fileRef = 60A2D9F828DF0F71008A9483 /* Book.swift */; };
/* End PBXBuildFile section */

/* Begin PBXFileReference section */
		6016AE8528DCE40700E66076 /* Books.app */ = {isa = PBXFileReference; explicitFileType = wrapper.application; includeInIndex = 0; path = Books.app; sourceTree = BUILT_PRODUCTS_DIR; };
		6016AE8828DCE40700E66076 /* AppDelegate.swift */ = {isa = PBXFileReference; lastKnownFileType = sourcecode.swift; path = AppDelegate.swift; sourceTree = "<group>"; };
		6016AE8A28DCE40700E66076 /* SceneDelegate.swift */ = {isa = PBXFileReference; lastKnownFileType = sourcecode.swift; path = SceneDelegate.swift; sourceTree = "<group>"; };
		6016AE8F28DCE40700E66076 /* Base */ = {isa = PBXFileReference; lastKnownFileType = file.storyboard; name = Base; path = Base.lproj/Main.storyboard; sourceTree = "<group>"; };
		6016AE9228DCE40700E66076 /* Books.xcdatamodel */ = {isa = PBXFileReference; lastKnownFileType = wrapper.xcdatamodel; path = Books.xcdatamodel; sourceTree = "<group>"; };
		6016AE9428DCE40900E66076 /* Assets.xcassets */ = {isa = PBXFileReference; lastKnownFileType = folder.assetcatalog; path = Assets.xcassets; sourceTree = "<group>"; };
		6016AE9728DCE40900E66076 /* Base */ = {isa = PBXFileReference; lastKnownFileType = file.storyboard; name = Base; path = Base.lproj/LaunchScreen.storyboard; sourceTree = "<group>"; };
		6016AE9928DCE40900E66076 /* Info.plist */ = {isa = PBXFileReference; lastKnownFileType = text.plist.xml; path = Info.plist; sourceTree = "<group>"; };
		6016AE9F28DCE57B00E66076 /* MainTabbar.swift */ = {isa = PBXFileReference; lastKnownFileType = sourcecode.swift; path = MainTabbar.swift; sourceTree = "<group>"; };
		6016AEA128DCE60F00E66076 /* HomeVC.swift */ = {isa = PBXFileReference; lastKnownFileType = sourcecode.swift; path = HomeVC.swift; sourceTree = "<group>"; };
		6016AEA328DCE63900E66076 /* SearchVC.swift */ = {isa = PBXFileReference; lastKnownFileType = sourcecode.swift; path = SearchVC.swift; sourceTree = "<group>"; };
		6016AEA528DCE64400E66076 /* FavoritesVC.swift */ = {isa = PBXFileReference; lastKnownFileType = sourcecode.swift; path = FavoritesVC.swift; sourceTree = "<group>"; };
		6016AEA928DD03B500E66076 /* Globals.swift */ = {isa = PBXFileReference; lastKnownFileType = sourcecode.swift; path = Globals.swift; sourceTree = "<group>"; };
		6016AEAC28DD0C8800E66076 /* DatabaseHandler.swift */ = {isa = PBXFileReference; lastKnownFileType = sourcecode.swift; path = DatabaseHandler.swift; sourceTree = "<group>"; };
		60275FCC28DF1F11003FF95C /* SearchBookCell.swift */ = {isa = PBXFileReference; lastKnownFileType = sourcecode.swift; path = SearchBookCell.swift; sourceTree = "<group>"; };
		6090D4B928E1B85300DEE4BA /* DetailVC.swift */ = {isa = PBXFileReference; lastKnownFileType = sourcecode.swift; path = DetailVC.swift; sourceTree = "<group>"; };
		60988FCB28DF3FBC00E0B4F4 /* FavBooksCell.swift */ = {isa = PBXFileReference; lastKnownFileType = sourcecode.swift; path = FavBooksCell.swift; sourceTree = "<group>"; };
		60988FCD28E0D9A200E0B4F4 /* Extension+UIImageView.swift */ = {isa = PBXFileReference; lastKnownFileType = sourcecode.swift; path = "Extension+UIImageView.swift"; sourceTree = "<group>"; };
		60988FCF28E0E3C800E0B4F4 /* CoreDataHandler.swift */ = {isa = PBXFileReference; lastKnownFileType = sourcecode.swift; path = CoreDataHandler.swift; sourceTree = "<group>"; };
		60988FD128E0F2BF00E0B4F4 /* Extension+String.swift */ = {isa = PBXFileReference; lastKnownFileType = sourcecode.swift; path = "Extension+String.swift"; sourceTree = "<group>"; };
		60A2D9F628DF0DD9008A9483 /* AllBooksCell.swift */ = {isa = PBXFileReference; lastKnownFileType = sourcecode.swift; path = AllBooksCell.swift; sourceTree = "<group>"; };
		60A2D9F828DF0F71008A9483 /* Book.swift */ = {isa = PBXFileReference; lastKnownFileType = sourcecode.swift; path = Book.swift; sourceTree = "<group>"; };
/* End PBXFileReference section */

/* Begin PBXFrameworksBuildPhase section */
		6016AE8228DCE40700E66076 /* Frameworks */ = {
			isa = PBXFrameworksBuildPhase;
			buildActionMask = 2147483647;
			files = (
			);
			runOnlyForDeploymentPostprocessing = 0;
		};
/* End PBXFrameworksBuildPhase section */

/* Begin PBXGroup section */
		6016AE7C28DCE40700E66076 = {
			isa = PBXGroup;
			children = (
				6016AE8728DCE40700E66076 /* Books */,
				6016AE8628DCE40700E66076 /* Products */,
			);
			sourceTree = "<group>";
		};
		6016AE8628DCE40700E66076 /* Products */ = {
			isa = PBXGroup;
			children = (
				6016AE8528DCE40700E66076 /* Books.app */,
			);
			name = Products;
			sourceTree = "<group>";
		};
		6016AE8728DCE40700E66076 /* Books */ = {
			isa = PBXGroup;
			children = (
				6016AEAB28DD0B1700E66076 /* Main Tabbar */,
				6090D4BE28E219FC00DEE4BA /* Controller */,
				6090D4BC28E219BB00DEE4BA /* Model */,
				6090D4BD28E219CB00DEE4BA /* View */,
				6090D4BF28E21A2A00DEE4BA /* Helpers */,
				6090D4BB28E1CAEF00DEE4BA /* Services */,
				6016AE9428DCE40900E66076 /* Assets.xcassets */,
				6016AE8828DCE40700E66076 /* AppDelegate.swift */,
				6016AE8A28DCE40700E66076 /* SceneDelegate.swift */,
				6016AE8E28DCE40700E66076 /* Main.storyboard */,
				6016AE9628DCE40900E66076 /* LaunchScreen.storyboard */,
				6016AE9928DCE40900E66076 /* Info.plist */,
				6016AE9128DCE40700E66076 /* Books.xcdatamodeld */,
			);
			path = Books;
			sourceTree = "<group>";
		};
		6016AEAB28DD0B1700E66076 /* Main Tabbar */ = {
			isa = PBXGroup;
			children = (
			);
			path = "Main Tabbar";
			sourceTree = "<group>";
		};
		6090D4BB28E1CAEF00DEE4BA /* Services */ = {
			isa = PBXGroup;
			children = (
				60988FCF28E0E3C800E0B4F4 /* CoreDataHandler.swift */,
				6016AEAC28DD0C8800E66076 /* DatabaseHandler.swift */,
			);
			path = Services;
			sourceTree = "<group>";
		};
		6090D4BC28E219BB00DEE4BA /* Model */ = {
			isa = PBXGroup;
			children = (
				60A2D9F828DF0F71008A9483 /* Book.swift */,
			);
			path = Model;
			sourceTree = "<group>";
		};
		6090D4BD28E219CB00DEE4BA /* View */ = {
			isa = PBXGroup;
			children = (
				60275FCC28DF1F11003FF95C /* SearchBookCell.swift */,
				60A2D9F628DF0DD9008A9483 /* AllBooksCell.swift */,
				60988FCB28DF3FBC00E0B4F4 /* FavBooksCell.swift */,
			);
			path = View;
			sourceTree = "<group>";
		};
		6090D4BE28E219FC00DEE4BA /* Controller */ = {
			isa = PBXGroup;
			children = (
				6016AE9F28DCE57B00E66076 /* MainTabbar.swift */,
				6016AEA128DCE60F00E66076 /* HomeVC.swift */,
				6016AEA328DCE63900E66076 /* SearchVC.swift */,
				6016AEA528DCE64400E66076 /* FavoritesVC.swift */,
				6090D4B928E1B85300DEE4BA /* DetailVC.swift */,
			);
			path = Controller;
			sourceTree = "<group>";
		};
		6090D4BF28E21A2A00DEE4BA /* Helpers */ = {
			isa = PBXGroup;
			children = (
				60988FD128E0F2BF00E0B4F4 /* Extension+String.swift */,
				6016AEA928DD03B500E66076 /* Globals.swift */,
				60988FCD28E0D9A200E0B4F4 /* Extension+UIImageView.swift */,
			);
			path = Helpers;
			sourceTree = "<group>";
		};
/* End PBXGroup section */

/* Begin PBXNativeTarget section */
		6016AE8428DCE40700E66076 /* Books */ = {
			isa = PBXNativeTarget;
			buildConfigurationList = 6016AE9C28DCE40900E66076 /* Build configuration list for PBXNativeTarget "Books" */;
			buildPhases = (
				6016AE8128DCE40700E66076 /* Sources */,
				6016AE8228DCE40700E66076 /* Frameworks */,
				6016AE8328DCE40700E66076 /* Resources */,
			);
			buildRules = (
			);
			dependencies = (
			);
			name = Books;
			productName = Books;
			productReference = 6016AE8528DCE40700E66076 /* Books.app */;
			productType = "com.apple.product-type.application";
		};
/* End PBXNativeTarget section */

/* Begin PBXProject section */
		6016AE7D28DCE40700E66076 /* Project object */ = {
			isa = PBXProject;
			attributes = {
				BuildIndependentTargetsInParallel = 1;
				LastSwiftUpdateCheck = 1400;
				LastUpgradeCheck = 1400;
				TargetAttributes = {
					6016AE8428DCE40700E66076 = {
						CreatedOnToolsVersion = 14.0;
					};
				};
			};
			buildConfigurationList = 6016AE8028DCE40700E66076 /* Build configuration list for PBXProject "Books" */;
			compatibilityVersion = "Xcode 14.0";
			developmentRegion = en;
			hasScannedForEncodings = 0;
			knownRegions = (
				en,
				Base,
			);
			mainGroup = 6016AE7C28DCE40700E66076;
			productRefGroup = 6016AE8628DCE40700E66076 /* Products */;
			projectDirPath = "";
			projectRoot = "";
			targets = (
				6016AE8428DCE40700E66076 /* Books */,
			);
		};
/* End PBXProject section */

/* Begin PBXResourcesBuildPhase section */
		6016AE8328DCE40700E66076 /* Resources */ = {
			isa = PBXResourcesBuildPhase;
			buildActionMask = 2147483647;
			files = (
				6016AE9828DCE40900E66076 /* LaunchScreen.storyboard in Resources */,
				6016AE9528DCE40900E66076 /* Assets.xcassets in Resources */,
				6016AE9028DCE40700E66076 /* Main.storyboard in Resources */,
			);
			runOnlyForDeploymentPostprocessing = 0;
		};
/* End PBXResourcesBuildPhase section */

/* Begin PBXSourcesBuildPhase section */
		6016AE8128DCE40700E66076 /* Sources */ = {
			isa = PBXSourcesBuildPhase;
			buildActionMask = 2147483647;
			files = (
				6016AEA428DCE63900E66076 /* SearchVC.swift in Sources */,
				60988FD028E0E3C800E0B4F4 /* CoreDataHandler.swift in Sources */,
				6016AEA028DCE57B00E66076 /* MainTabbar.swift in Sources */,
				60988FD228E0F2BF00E0B4F4 /* Extension+String.swift in Sources */,
				60988FCC28DF3FBC00E0B4F4 /* FavBooksCell.swift in Sources */,
				6090D4BA28E1B85300DEE4BA /* DetailVC.swift in Sources */,
				6016AEA228DCE60F00E66076 /* HomeVC.swift in Sources */,
				6016AE9328DCE40700E66076 /* Books.xcdatamodeld in Sources */,
				6016AEA628DCE64400E66076 /* FavoritesVC.swift in Sources */,
				6016AEAD28DD0C8800E66076 /* DatabaseHandler.swift in Sources */,
				60988FCE28E0D9A200E0B4F4 /* Extension+UIImageView.swift in Sources */,
				6016AE8928DCE40700E66076 /* AppDelegate.swift in Sources */,
				6016AE8B28DCE40700E66076 /* SceneDelegate.swift in Sources */,
				60A2D9F928DF0F71008A9483 /* Book.swift in Sources */,
				60275FCD28DF1F11003FF95C /* SearchBookCell.swift in Sources */,
				60A2D9F728DF0DD9008A9483 /* AllBooksCell.swift in Sources */,
				6016AEAA28DD03B500E66076 /* Globals.swift in Sources */,
			);
			runOnlyForDeploymentPostprocessing = 0;
		};
/* End PBXSourcesBuildPhase section */

/* Begin PBXVariantGroup section */
		6016AE8E28DCE40700E66076 /* Main.storyboard */ = {
			isa = PBXVariantGroup;
			children = (
				6016AE8F28DCE40700E66076 /* Base */,
			);
			name = Main.storyboard;
			sourceTree = "<group>";
		};
		6016AE9628DCE40900E66076 /* LaunchScreen.storyboard */ = {
			isa = PBXVariantGroup;
			children = (
				6016AE9728DCE40900E66076 /* Base */,
			);
			name = LaunchScreen.storyboard;
			sourceTree = "<group>";
		};
/* End PBXVariantGroup section */

/* Begin XCBuildConfiguration section */
		6016AE9A28DCE40900E66076 /* Debug */ = {
			isa = XCBuildConfiguration;
			buildSettings = {
				ALWAYS_SEARCH_USER_PATHS = NO;
				CLANG_ANALYZER_NONNULL = YES;
				CLANG_ANALYZER_NUMBER_OBJECT_CONVERSION = YES_AGGRESSIVE;
				CLANG_CXX_LANGUAGE_STANDARD = "gnu++20";
				CLANG_ENABLE_MODULES = YES;
				CLANG_ENABLE_OBJC_ARC = YES;
				CLANG_ENABLE_OBJC_WEAK = YES;
				CLANG_WARN_BLOCK_CAPTURE_AUTORELEASING = YES;
				CLANG_WARN_BOOL_CONVERSION = YES;
				CLANG_WARN_COMMA = YES;
				CLANG_WARN_CONSTANT_CONVERSION = YES;
				CLANG_WARN_DEPRECATED_OBJC_IMPLEMENTATIONS = YES;
				CLANG_WARN_DIRECT_OBJC_ISA_USAGE = YES_ERROR;
				CLANG_WARN_DOCUMENTATION_COMMENTS = YES;
				CLANG_WARN_EMPTY_BODY = YES;
				CLANG_WARN_ENUM_CONVERSION = YES;
				CLANG_WARN_INFINITE_RECURSION = YES;
				CLANG_WARN_INT_CONVERSION = YES;
				CLANG_WARN_NON_LITERAL_NULL_CONVERSION = YES;
				CLANG_WARN_OBJC_IMPLICIT_RETAIN_SELF = YES;
				CLANG_WARN_OBJC_LITERAL_CONVERSION = YES;
				CLANG_WARN_OBJC_ROOT_CLASS = YES_ERROR;
				CLANG_WARN_QUOTED_INCLUDE_IN_FRAMEWORK_HEADER = YES;
				CLANG_WARN_RANGE_LOOP_ANALYSIS = YES;
				CLANG_WARN_STRICT_PROTOTYPES = YES;
				CLANG_WARN_SUSPICIOUS_MOVE = YES;
				CLANG_WARN_UNGUARDED_AVAILABILITY = YES_AGGRESSIVE;
				CLANG_WARN_UNREACHABLE_CODE = YES;
				CLANG_WARN__DUPLICATE_METHOD_MATCH = YES;
				COPY_PHASE_STRIP = NO;
				DEBUG_INFORMATION_FORMAT = dwarf;
				ENABLE_STRICT_OBJC_MSGSEND = YES;
				ENABLE_TESTABILITY = YES;
				GCC_C_LANGUAGE_STANDARD = gnu11;
				GCC_DYNAMIC_NO_PIC = NO;
				GCC_NO_COMMON_BLOCKS = YES;
				GCC_OPTIMIZATION_LEVEL = 0;
				GCC_PREPROCESSOR_DEFINITIONS = (
					"DEBUG=1",
					"$(inherited)",
				);
				GCC_WARN_64_TO_32_BIT_CONVERSION = YES;
				GCC_WARN_ABOUT_RETURN_TYPE = YES_ERROR;
				GCC_WARN_UNDECLARED_SELECTOR = YES;
				GCC_WARN_UNINITIALIZED_AUTOS = YES_AGGRESSIVE;
				GCC_WARN_UNUSED_FUNCTION = YES;
				GCC_WARN_UNUSED_VARIABLE = YES;
				IPHONEOS_DEPLOYMENT_TARGET = 16.0;
				MTL_ENABLE_DEBUG_INFO = INCLUDE_SOURCE;
				MTL_FAST_MATH = YES;
				ONLY_ACTIVE_ARCH = YES;
				SDKROOT = iphoneos;
				SWIFT_ACTIVE_COMPILATION_CONDITIONS = DEBUG;
				SWIFT_OPTIMIZATION_LEVEL = "-Onone";
			};
			name = Debug;
		};
		6016AE9B28DCE40900E66076 /* Release */ = {
			isa = XCBuildConfiguration;
			buildSettings = {
				ALWAYS_SEARCH_USER_PATHS = NO;
				CLANG_ANALYZER_NONNULL = YES;
				CLANG_ANALYZER_NUMBER_OBJECT_CONVERSION = YES_AGGRESSIVE;
				CLANG_CXX_LANGUAGE_STANDARD = "gnu++20";
				CLANG_ENABLE_MODULES = YES;
				CLANG_ENABLE_OBJC_ARC = YES;
				CLANG_ENABLE_OBJC_WEAK = YES;
				CLANG_WARN_BLOCK_CAPTURE_AUTORELEASING = YES;
				CLANG_WARN_BOOL_CONVERSION = YES;
				CLANG_WARN_COMMA = YES;
				CLANG_WARN_CONSTANT_CONVERSION = YES;
				CLANG_WARN_DEPRECATED_OBJC_IMPLEMENTATIONS = YES;
				CLANG_WARN_DIRECT_OBJC_ISA_USAGE = YES_ERROR;
				CLANG_WARN_DOCUMENTATION_COMMENTS = YES;
				CLANG_WARN_EMPTY_BODY = YES;
				CLANG_WARN_ENUM_CONVERSION = YES;
				CLANG_WARN_INFINITE_RECURSION = YES;
				CLANG_WARN_INT_CONVERSION = YES;
				CLANG_WARN_NON_LITERAL_NULL_CONVERSION = YES;
				CLANG_WARN_OBJC_IMPLICIT_RETAIN_SELF = YES;
				CLANG_WARN_OBJC_LITERAL_CONVERSION = YES;
				CLANG_WARN_OBJC_ROOT_CLASS = YES_ERROR;
				CLANG_WARN_QUOTED_INCLUDE_IN_FRAMEWORK_HEADER = YES;
				CLANG_WARN_RANGE_LOOP_ANALYSIS = YES;
				CLANG_WARN_STRICT_PROTOTYPES = YES;
				CLANG_WARN_SUSPICIOUS_MOVE = YES;
				CLANG_WARN_UNGUARDED_AVAILABILITY = YES_AGGRESSIVE;
				CLANG_WARN_UNREACHABLE_CODE = YES;
				CLANG_WARN__DUPLICATE_METHOD_MATCH = YES;
				COPY_PHASE_STRIP = NO;
				DEBUG_INFORMATION_FORMAT = "dwarf-with-dsym";
				ENABLE_NS_ASSERTIONS = NO;
				ENABLE_STRICT_OBJC_MSGSEND = YES;
				GCC_C_LANGUAGE_STANDARD = gnu11;
				GCC_NO_COMMON_BLOCKS = YES;
				GCC_WARN_64_TO_32_BIT_CONVERSION = YES;
				GCC_WARN_ABOUT_RETURN_TYPE = YES_ERROR;
				GCC_WARN_UNDECLARED_SELECTOR = YES;
				GCC_WARN_UNINITIALIZED_AUTOS = YES_AGGRESSIVE;
				GCC_WARN_UNUSED_FUNCTION = YES;
				GCC_WARN_UNUSED_VARIABLE = YES;
				IPHONEOS_DEPLOYMENT_TARGET = 16.0;
				MTL_ENABLE_DEBUG_INFO = NO;
				MTL_FAST_MATH = YES;
				SDKROOT = iphoneos;
				SWIFT_COMPILATION_MODE = wholemodule;
				SWIFT_OPTIMIZATION_LEVEL = "-O";
				VALIDATE_PRODUCT = YES;
			};
			name = Release;
		};
		6016AE9D28DCE40900E66076 /* Debug */ = {
			isa = XCBuildConfiguration;
			buildSettings = {
				ASSETCATALOG_COMPILER_APPICON_NAME = AppIcon;
				ASSETCATALOG_COMPILER_GLOBAL_ACCENT_COLOR_NAME = AccentColor;
				CODE_SIGN_STYLE = Automatic;
				CURRENT_PROJECT_VERSION = 1;
				DEVELOPMENT_TEAM = 94QU8AXTK9;
				GENERATE_INFOPLIST_FILE = YES;
				INFOPLIST_FILE = Books/Info.plist;
				INFOPLIST_KEY_LSApplicationCategoryType = "public.app-category.books";
				INFOPLIST_KEY_UIApplicationSupportsIndirectInputEvents = YES;
				INFOPLIST_KEY_UILaunchStoryboardName = LaunchScreen;
				INFOPLIST_KEY_UIMainStoryboardFile = Main;
				INFOPLIST_KEY_UISupportedInterfaceOrientations_iPad = "UIInterfaceOrientationPortrait UIInterfaceOrientationPortraitUpsideDown UIInterfaceOrientationLandscapeLeft UIInterfaceOrientationLandscapeRight";
				INFOPLIST_KEY_UISupportedInterfaceOrientations_iPhone = "UIInterfaceOrientationPortrait UIInterfaceOrientationLandscapeLeft UIInterfaceOrientationLandscapeRight";
				LD_RUNPATH_SEARCH_PATHS = (
					"$(inherited)",
					"@executable_path/Frameworks",
				);
				MARKETING_VERSION = 1.0;
				PRODUCT_BUNDLE_IDENTIFIER = com.uzayaltiner.Books;
				PRODUCT_NAME = "$(TARGET_NAME)";
				SWIFT_EMIT_LOC_STRINGS = YES;
				SWIFT_VERSION = 5.0;
				TARGETED_DEVICE_FAMILY = "1,2";
			};
			name = Debug;
		};
		6016AE9E28DCE40900E66076 /* Release */ = {
			isa = XCBuildConfiguration;
			buildSettings = {
				ASSETCATALOG_COMPILER_APPICON_NAME = AppIcon;
				ASSETCATALOG_COMPILER_GLOBAL_ACCENT_COLOR_NAME = AccentColor;
				CODE_SIGN_STYLE = Automatic;
				CURRENT_PROJECT_VERSION = 1;
				DEVELOPMENT_TEAM = 94QU8AXTK9;
				GENERATE_INFOPLIST_FILE = YES;
				INFOPLIST_FILE = Books/Info.plist;
				INFOPLIST_KEY_LSApplicationCategoryType = "public.app-category.books";
				INFOPLIST_KEY_UIApplicationSupportsIndirectInputEvents = YES;
				INFOPLIST_KEY_UILaunchStoryboardName = LaunchScreen;
				INFOPLIST_KEY_UIMainStoryboardFile = Main;
				INFOPLIST_KEY_UISupportedInterfaceOrientations_iPad = "UIInterfaceOrientationPortrait UIInterfaceOrientationPortraitUpsideDown UIInterfaceOrientationLandscapeLeft UIInterfaceOrientationLandscapeRight";
				INFOPLIST_KEY_UISupportedInterfaceOrientations_iPhone = "UIInterfaceOrientationPortrait UIInterfaceOrientationLandscapeLeft UIInterfaceOrientationLandscapeRight";
				LD_RUNPATH_SEARCH_PATHS = (
					"$(inherited)",
					"@executable_path/Frameworks",
				);
				MARKETING_VERSION = 1.0;
				PRODUCT_BUNDLE_IDENTIFIER = com.uzayaltiner.Books;
				PRODUCT_NAME = "$(TARGET_NAME)";
				SWIFT_EMIT_LOC_STRINGS = YES;
				SWIFT_VERSION = 5.0;
				TARGETED_DEVICE_FAMILY = "1,2";
			};
			name = Release;
		};
/* End XCBuildConfiguration section */

/* Begin XCConfigurationList section */
		6016AE8028DCE40700E66076 /* Build configuration list for PBXProject "Books" */ = {
			isa = XCConfigurationList;
			buildConfigurations = (
				6016AE9A28DCE40900E66076 /* Debug */,
				6016AE9B28DCE40900E66076 /* Release */,
			);
			defaultConfigurationIsVisible = 0;
			defaultConfigurationName = Release;
		};
		6016AE9C28DCE40900E66076 /* Build configuration list for PBXNativeTarget "Books" */ = {
			isa = XCConfigurationList;
			buildConfigurations = (
				6016AE9D28DCE40900E66076 /* Debug */,
				6016AE9E28DCE40900E66076 /* Release */,
			);
			defaultConfigurationIsVisible = 0;
			defaultConfigurationName = Release;
		};
/* End XCConfigurationList section */

/* Begin XCVersionGroup section */
		6016AE9128DCE40700E66076 /* Books.xcdatamodeld */ = {
			isa = XCVersionGroup;
			children = (
				6016AE9228DCE40700E66076 /* Books.xcdatamodel */,
			);
			currentVersion = 6016AE9228DCE40700E66076 /* Books.xcdatamodel */;
			path = Books.xcdatamodeld;
			sourceTree = "<group>";
			versionGroupType = wrapper.xcdatamodel;
		};
/* End XCVersionGroup section */
	};
	rootObject = 6016AE7D28DCE40700E66076 /* Project object */;
}
